
Microsoft Visual Studio Solution File, Format Version 12.00
# Visual Studio 15
VisualStudioVersion = 15.0.27130.2036
MinimumVisualStudioVersion = 10.0.40219.1
Project("{8BC9CEB8-8B4A-11D0-8D11-00A0C91BC942}") = "DB project2", "DB project2\DB project2.vcxproj", "{8353C37E-44BE-4F93-80C2-E421019F0B2A}"
EndProject
Global
	GlobalSection(SolutionConfigurationPlatforms) = preSolution
		Debug|x64 = Debug|x64
		Debug|x86 = Debug|x86
		Release|x64 = Release|x64
		Release|x86 = Release|x86
	EndGlobalSection
	GlobalSection(ProjectConfigurationPlatforms) = postSolution
		{8353C37E-44BE-4F93-80C2-E421019F0B2A}.Debug|x64.ActiveCfg = Debug|x64
		{8353C37E-44BE-4F93-80C2-E421019F0B2A}.Debug|x64.Build.0 = Debug|x64
		{8353C37E-44BE-4F93-80C2-E421019F0B2A}.Debug|x86.ActiveCfg = Debug|Win32
		{8353C37E-44BE-4F93-80C2-E421019F0B2A}.Debug|x86.Build.0 = Debug|Win32
		{8353C37E-44BE-4F93-80C2-E421019F0B2A}.Release|x64.ActiveCfg = Release|x64
		{8353C37E-44BE-4F93-80C2-E421019F0B2A}.Release|x64.Build.0 = Release|x64
		{8353C37E-44BE-4F93-80C2-E421019F0B2A}.Release|x86.ActiveCfg = Release|Win32
		{8353C37E-44BE-4F93-80C2-E421019F0B2A}.Release|x86.Build.0 = Release|Win32
	EndGlobalSection
	GlobalSection(SolutionProperties) = preSolution
		HideSolutionNode = FALSE
	EndGlobalSection
	GlobalSection(ExtensibilityGlobals) = postSolution
		SolutionGuid = {C703C5B0-003C-4360-9504-A452E826398A}
	EndGlobalSection
EndGlobal
